
Microsoft Visual Studio Solution File, Format Version 12.00
# Visual Studio Version 17
VisualStudioVersion = 17.2.32616.157
MinimumVisualStudioVersion = 10.0.40219.1
Project("{8BC9CEB8-8B4A-11D0-8D11-00A0C91BC942}") = "NebulaPhysicsEngine", "NebulaPhysicsEngine\NebulaPhysicsEngine.vcxproj", "{0BD91385-8CEB-4B50-ACA2-E1635209AAFC}"
EndProject
Project("{8BC9CEB8-8B4A-11D0-8D11-00A0C91BC942}") = "OpenGLRendering", "OpenGLRendering\OpenGLRendering.vcxproj", "{9481D6BF-D756-42F7-82F9-6FED67DEAFB6}"
EndProject
Project("{8BC9CEB8-8B4A-11D0-8D11-00A0C91BC942}") = "External", "External\External.vcxproj", "{7B8B0B6C-2DA8-42D4-A974-3DB9F054516D}"
EndProject
Project("{8BC9CEB8-8B4A-11D0-8D11-00A0C91BC942}") = "ProjectileTest", "ProjectileTest\ProjectileTest.vcxproj", "{7A8DA8EA-193F-4AAC-9970-2AF807596783}"
EndProject
Project("{8BC9CEB8-8B4A-11D0-8D11-00A0C91BC942}") = "Fireworks", "Fireworks\Fireworks.vcxproj", "{AFE00260-2019-434B-9AB2-C84C245A4F27}"
EndProject
Project("{8BC9CEB8-8B4A-11D0-8D11-00A0C91BC942}") = "Springs", "Springs\Springs.vcxproj", "{17F0FB92-0FBC-4C8C-84B5-E4D457083454}"
EndProject
Global
	GlobalSection(SolutionConfigurationPlatforms) = preSolution
		Debug|x64 = Debug|x64
		Debug|x86 = Debug|x86
		Release|x64 = Release|x64
		Release|x86 = Release|x86
	EndGlobalSection
	GlobalSection(ProjectConfigurationPlatforms) = postSolution
		{0BD91385-8CEB-4B50-ACA2-E1635209AAFC}.Debug|x64.ActiveCfg = Debug|x64
		{0BD91385-8CEB-4B50-ACA2-E1635209AAFC}.Debug|x64.Build.0 = Debug|x64
		{0BD91385-8CEB-4B50-ACA2-E1635209AAFC}.Debug|x86.ActiveCfg = Debug|Win32
		{0BD91385-8CEB-4B50-ACA2-E1635209AAFC}.Debug|x86.Build.0 = Debug|Win32
		{0BD91385-8CEB-4B50-ACA2-E1635209AAFC}.Release|x64.ActiveCfg = Release|x64
		{0BD91385-8CEB-4B50-ACA2-E1635209AAFC}.Release|x64.Build.0 = Release|x64
		{0BD91385-8CEB-4B50-ACA2-E1635209AAFC}.Release|x86.ActiveCfg = Release|Win32
		{0BD91385-8CEB-4B50-ACA2-E1635209AAFC}.Release|x86.Build.0 = Release|Win32
		{9481D6BF-D756-42F7-82F9-6FED67DEAFB6}.Debug|x64.ActiveCfg = Debug|x64
		{9481D6BF-D756-42F7-82F9-6FED67DEAFB6}.Debug|x64.Build.0 = Debug|x64
		{9481D6BF-D756-42F7-82F9-6FED67DEAFB6}.Debug|x86.ActiveCfg = Debug|Win32
		{9481D6BF-D756-42F7-82F9-6FED67DEAFB6}.Debug|x86.Build.0 = Debug|Win32
		{9481D6BF-D756-42F7-82F9-6FED67DEAFB6}.Release|x64.ActiveCfg = Release|x64
		{9481D6BF-D756-42F7-82F9-6FED67DEAFB6}.Release|x64.Build.0 = Release|x64
		{9481D6BF-D756-42F7-82F9-6FED67DEAFB6}.Release|x86.ActiveCfg = Release|Win32
		{9481D6BF-D756-42F7-82F9-6FED67DEAFB6}.Release|x86.Build.0 = Release|Win32
		{7B8B0B6C-2DA8-42D4-A974-3DB9F054516D}.Debug|x64.ActiveCfg = Debug|x64
		{7B8B0B6C-2DA8-42D4-A974-3DB9F054516D}.Debug|x64.Build.0 = Debug|x64
		{7B8B0B6C-2DA8-42D4-A974-3DB9F054516D}.Debug|x86.ActiveCfg = Debug|Win32
		{7B8B0B6C-2DA8-42D4-A974-3DB9F054516D}.Debug|x86.Build.0 = Debug|Win32
		{7B8B0B6C-2DA8-42D4-A974-3DB9F054516D}.Release|x64.ActiveCfg = Release|x64
		{7B8B0B6C-2DA8-42D4-A974-3DB9F054516D}.Release|x64.Build.0 = Release|x64
		{7B8B0B6C-2DA8-42D4-A974-3DB9F054516D}.Release|x86.ActiveCfg = Release|Win32
		{7B8B0B6C-2DA8-42D4-A974-3DB9F054516D}.Release|x86.Build.0 = Release|Win32
		{7A8DA8EA-193F-4AAC-9970-2AF807596783}.Debug|x64.ActiveCfg = Debug|x64
		{7A8DA8EA-193F-4AAC-9970-2AF807596783}.Debug|x64.Build.0 = Debug|x64
		{7A8DA8EA-193F-4AAC-9970-2AF807596783}.Debug|x86.ActiveCfg = Debug|Win32
		{7A8DA8EA-193F-4AAC-9970-2AF807596783}.Debug|x86.Build.0 = Debug|Win32
		{7A8DA8EA-193F-4AAC-9970-2AF807596783}.Release|x64.ActiveCfg = Release|x64
		{7A8DA8EA-193F-4AAC-9970-2AF807596783}.Release|x64.Build.0 = Release|x64
		{7A8DA8EA-193F-4AAC-9970-2AF807596783}.Release|x86.ActiveCfg = Release|Win32
		{7A8DA8EA-193F-4AAC-9970-2AF807596783}.Release|x86.Build.0 = Release|Win32
		{AFE00260-2019-434B-9AB2-C84C245A4F27}.Debug|x64.ActiveCfg = Debug|x64
		{AFE00260-2019-434B-9AB2-C84C245A4F27}.Debug|x64.Build.0 = Debug|x64
		{AFE00260-2019-434B-9AB2-C84C245A4F27}.Debug|x86.ActiveCfg = Debug|Win32
		{AFE00260-2019-434B-9AB2-C84C245A4F27}.Debug|x86.Build.0 = Debug|Win32
		{AFE00260-2019-434B-9AB2-C84C245A4F27}.Release|x64.ActiveCfg = Release|x64
		{AFE00260-2019-434B-9AB2-C84C245A4F27}.Release|x64.Build.0 = Release|x64
		{AFE00260-2019-434B-9AB2-C84C245A4F27}.Release|x86.ActiveCfg = Release|Win32
		{AFE00260-2019-434B-9AB2-C84C245A4F27}.Release|x86.Build.0 = Release|Win32
		{17F0FB92-0FBC-4C8C-84B5-E4D457083454}.Debug|x64.ActiveCfg = Debug|x64
		{17F0FB92-0FBC-4C8C-84B5-E4D457083454}.Debug|x64.Build.0 = Debug|x64
		{17F0FB92-0FBC-4C8C-84B5-E4D457083454}.Debug|x86.ActiveCfg = Debug|Win32
		{17F0FB92-0FBC-4C8C-84B5-E4D457083454}.Debug|x86.Build.0 = Debug|Win32
		{17F0FB92-0FBC-4C8C-84B5-E4D457083454}.Release|x64.ActiveCfg = Release|x64
		{17F0FB92-0FBC-4C8C-84B5-E4D457083454}.Release|x64.Build.0 = Release|x64
		{17F0FB92-0FBC-4C8C-84B5-E4D457083454}.Release|x86.ActiveCfg = Release|Win32
		{17F0FB92-0FBC-4C8C-84B5-E4D457083454}.Release|x86.Build.0 = Release|Win32
	EndGlobalSection
	GlobalSection(SolutionProperties) = preSolution
		HideSolutionNode = FALSE
	EndGlobalSection
	GlobalSection(ExtensibilityGlobals) = postSolution
		SolutionGuid = {FA0937A8-2055-4028-8ED0-D27095962759}
	EndGlobalSection
EndGlobal
